
Microsoft Visual Studio Solution File, Format Version 12.00
# Visual Studio Version 16
VisualStudioVersion = 16.0.29920.165
MinimumVisualStudioVersion = 10.0.40219.1
Project("{FAE04EC0-301F-11D3-BF4B-00C04F79EFBC}") = "find-Maximum-Problem-Using-Generics", "find-Maximum-Problem-Using-Generics\find-Maximum-Problem-Using-Generics.csproj", "{8055EEA1-71F1-4192-AF4C-260C32168D07}"
EndProject
Project("{FAE04EC0-301F-11D3-BF4B-00C04F79EFBC}") = "test-find-Maximum-Using-Generics", "test-find-Maximum-Using-Generics\test-find-Maximum-Using-Generics.csproj", "{90CFA41C-376A-472F-9FB3-DF9E46209AB4}"
EndProject
Global
	GlobalSection(SolutionConfigurationPlatforms) = preSolution
		Debug|Any CPU = Debug|Any CPU
		Release|Any CPU = Release|Any CPU
	EndGlobalSection
	GlobalSection(ProjectConfigurationPlatforms) = postSolution
		{8055EEA1-71F1-4192-AF4C-260C32168D07}.Debug|Any CPU.ActiveCfg = Debug|Any CPU
		{8055EEA1-71F1-4192-AF4C-260C32168D07}.Debug|Any CPU.Build.0 = Debug|Any CPU
		{8055EEA1-71F1-4192-AF4C-260C32168D07}.Release|Any CPU.ActiveCfg = Release|Any CPU
		{8055EEA1-71F1-4192-AF4C-260C32168D07}.Release|Any CPU.Build.0 = Release|Any CPU
		{90CFA41C-376A-472F-9FB3-DF9E46209AB4}.Debug|Any CPU.ActiveCfg = Debug|Any CPU
		{90CFA41C-376A-472F-9FB3-DF9E46209AB4}.Debug|Any CPU.Build.0 = Debug|Any CPU
		{90CFA41C-376A-472F-9FB3-DF9E46209AB4}.Release|Any CPU.ActiveCfg = Release|Any CPU
		{90CFA41C-376A-472F-9FB3-DF9E46209AB4}.Release|Any CPU.Build.0 = Release|Any CPU
	EndGlobalSection
	GlobalSection(SolutionProperties) = preSolution
		HideSolutionNode = FALSE
	EndGlobalSection
	GlobalSection(ExtensibilityGlobals) = postSolution
		SolutionGuid = {E6D11410-AF14-4A6D-8919-DC361B3D6281}
	EndGlobalSection
EndGlobal
